github.com/DeNetPRO/turbo-upnp v1.0.1 h1:vA6n/4eEhaZRhnyGWLAadcLYmaC0B7DSoMf3npF0uxo=
github.com/DeNetPRO/turbo-upnp v1.0.1/go.mod h1:AFoeRCkIYosabZqYw5cIcVfVFf0OOWV7BGSfphN+IdQ=
github.com/ccding/go-stun v0.1.4 h1:lC0co3Q3vjAuu2Jz098WivVPBPbemYFqbwE1syoka4M=
github.com/ccding/go-stun/stun v0.0.0-20200514191101-4dc67bcdb029 h1:POmUHfxXdeyM8Aomg4tKDcwATCFuW+cYLkj6pwsw9pc=
github.com/ccding/go-stun/stun v0.0.0-20200514191101-4dc67bcdb029/go.mod h1:Rpr5n9cGHYdM3S3IK8ROSUUUYjQOu+MSUCZDcJbYWi8=
github.com/huin/goupnp v1.0.2 h1:RfGLP+h3mvisuWEyybxNq5Eft3NWhHLPeUN72kpKZoI=
github.com/huin/goupnp v1.0.2/go.mod h1:0dxJBVBHqTMjIUMkESDTNgOOx/Mw5wYIfyFmdzSamkM=
github.com/huin/goutil v0.0.0-20170803182201-1ca381bf3150/go.mod h1:PpLOETDnJ0o3iZrZfqZzyLl6l7F3c6L1oWn7OICBi6o=
github.com/jcuga/go-upnp v0.0.0-20160830125909-492b17f02cbb h1:0YyWPyBOaOvWfYylCMkFwSb6uo+zWmI7Yw9ChsQBbHk=
github.com/jcuga/go-upnp v0.0.0-20160830125909-492b17f02cbb/go.mod h1:9hAVo23jpanJ+gr4zD28Fe+aSLBHb5eGdHe+E3DLiaQ=
github.com/pion/stun v0.3.5 h1:uLUCBCkQby4S1cf6CGuR9QrVOKcvUwFeemaC865QHDg=
github.com/pion/stun v0.3.5/go.mod h1:gDMim+47EeEtfWogA37n6qXZS88L5V6LqFcf+DZA2UA=
golang.org/x/net v0.0.0-20210813160813-60bc85c4be6d h1:LO7XpTYMwTqxjLcGWPijK3vRXg1aWdlNOVOHRq45d7c=
golang.org/x/net v0.0.0-20210813160813-60bc85c4be6d/go.mod h1:9nx3DQGgdP8bBQD5qxJ1jj9UTztislL4KSBs9R2vV5Y=
golang.org/x/sync v0.0.0-20200317015054-43a5402ce75a h1:WXEvlFVvvGxCJLG6REjsT03iWnKLEWinaScsxF2Vm2o=
golang.org/x/sync v0.0.0-20200317015054-43a5402ce75a/go.mod h1:RxMgew5VJxzue5/jJTE5uejpjVlOe/izrB70Jof72aM=
golang.org/x/sys v0.0.0-20201119102817-f84b799fce68/go.mod h1:h1NjWce9XRLGQEsW7wpKNCjG9DtNlClVuFLEZdDNbEs=
golang.org/x/sys v0.0.0-20210423082822-04245dca01da h1:b3NXsE2LusjYGGjL5bxEVZZORm/YEFFrWFjR8eFrw/c=
golang.org/x/sys v0.0.0-20210423082822-04245dca01da/go.mod h1:h1NjWce9XRLGQEsW7wpKNCjG9DtNlClVuFLEZdDNbEs=
golang.org/x/term v0.0.0-20201126162022-7de9c90e9dd1/go.mod h1:bj7SfCRtBDWHUb9snDiAeCFNEtKQo2Wmx5Cou7ajbmo=
golang.org/x/text v0.3.6/go.mod h1:5Zoc/QRtKVWzQhOtBMvqHzDpF6irO9z98xDceosuGiQ=
golang.org/x/tools v0.0.0-20180917221912-90fa682c2a6e/go.mod h1:n7NCudcB/nEzxVGmLbDWY5pfWTLqBcC2KZ6jyYvM4mQ=
