github.com/Quirk-io/Endpoint v0.0.0-20220331191307-3bd48224c9c4 h1:qiFErPY4fuPBjPn76A4OzAiFkXWhod47HQBzi3LTeGc=
github.com/Quirk-io/Endpoint v0.0.0-20220331191307-3bd48224c9c4/go.mod h1:v47zlbgAwQby7OaGiL5bZnGSK5csk7Jc4U7P9q+89Mc=
github.com/Quirk-io/Endpoint v0.0.0-20220331200127-b5be9b327743 h1:ATjJyDUNtk524hewF98A9Qx1lp7TblQtjAKEAts62u8=
github.com/Quirk-io/Endpoint v0.0.0-20220331200127-b5be9b327743/go.mod h1:v47zlbgAwQby7OaGiL5bZnGSK5csk7Jc4U7P9q+89Mc=
